// !$*UTF8*$!
{
	archiveVersion = 1;
	classes = {
	};
	objectVersion = 46;
	objects = {

/* Begin PBXBuildFile section */
		32EDBEDE1B9DD2D200532A9A /* AppDelegate.swift in Sources */ = {isa = PBXBuildFile; fileRef = 32EDBEDD1B9DD2D200532A9A /* AppDelegate.swift */; };
		32EDBEE01B9DD2D200532A9A /* ViewController.swift in Sources */ = {isa = PBXBuildFile; fileRef = 32EDBEDF1B9DD2D200532A9A /* ViewController.swift */; };
		32EDBEE31B9DD2D200532A9A /* Main.storyboard in Resources */ = {isa = PBXBuildFile; fileRef = 32EDBEE11B9DD2D200532A9A /* Main.storyboard */; };
		32EDBEE51B9DD2D200532A9A /* Images.xcassets in Resources */ = {isa = PBXBuildFile; fileRef = 32EDBEE41B9DD2D200532A9A /* Images.xcassets */; };
		32EDBEE81B9DD2D200532A9A /* LaunchScreen.xib in Resources */ = {isa = PBXBuildFile; fileRef = 32EDBEE61B9DD2D200532A9A /* LaunchScreen.xib */; };
		32EDBEF41B9DD2D300532A9A /* practiceParseTests.swift in Sources */ = {isa = PBXBuildFile; fileRef = 32EDBEF31B9DD2D300532A9A /* practiceParseTests.swift */; };
		32EDBF051B9DD4F100532A9A /* Bolts.framework in Frameworks */ = {isa = PBXBuildFile; fileRef = 32EDBEFE1B9DD4F100532A9A /* Bolts.framework */; };
		32EDBF061B9DD4F100532A9A /* Parse.framework in Frameworks */ = {isa = PBXBuildFile; fileRef = 32EDBEFF1B9DD4F100532A9A /* Parse.framework */; };
		32EDBF071B9DD4F100532A9A /* ParseCrashReporting.framework in Frameworks */ = {isa = PBXBuildFile; fileRef = 32EDBF001B9DD4F100532A9A /* ParseCrashReporting.framework */; };
		32EDBF081B9DD4F100532A9A /* ParseFacebookUtils.framework in Frameworks */ = {isa = PBXBuildFile; fileRef = 32EDBF011B9DD4F100532A9A /* ParseFacebookUtils.framework */; };
		32EDBF091B9DD4F100532A9A /* ParseFacebookUtilsV4.framework in Frameworks */ = {isa = PBXBuildFile; fileRef = 32EDBF021B9DD4F100532A9A /* ParseFacebookUtilsV4.framework */; };
		32EDBF0A1B9DD4F100532A9A /* ParseTwitterUtils.framework in Frameworks */ = {isa = PBXBuildFile; fileRef = 32EDBF031B9DD4F100532A9A /* ParseTwitterUtils.framework */; };
		32EDBF0B1B9DD4F100532A9A /* ParseUI.framework in Frameworks */ = {isa = PBXBuildFile; fileRef = 32EDBF041B9DD4F100532A9A /* ParseUI.framework */; };
		32EDBF0D1B9DD5C200532A9A /* AudioToolbox.framework in Frameworks */ = {isa = PBXBuildFile; fileRef = 32EDBF0C1B9DD5C200532A9A /* AudioToolbox.framework */; };
		32EDBF0F1B9DD5D800532A9A /* CFNetwork.framework in Frameworks */ = {isa = PBXBuildFile; fileRef = 32EDBF0E1B9DD5D800532A9A /* CFNetwork.framework */; };
		32EDBF111B9DD5E400532A9A /* CoreGraphics.framework in Frameworks */ = {isa = PBXBuildFile; fileRef = 32EDBF101B9DD5E400532A9A /* CoreGraphics.framework */; };
		32EDBF131B9DD5F200532A9A /* CoreLocation.framework in Frameworks */ = {isa = PBXBuildFile; fileRef = 32EDBF121B9DD5F200532A9A /* CoreLocation.framework */; };
		32EDBF151B9DD60000532A9A /* QuartzCore.framework in Frameworks */ = {isa = PBXBuildFile; fileRef = 32EDBF141B9DD60000532A9A /* QuartzCore.framework */; };
		32EDBF171B9DD61100532A9A /* Security.framework in Frameworks */ = {isa = PBXBuildFile; fileRef = 32EDBF161B9DD61100532A9A /* Security.framework */; };
		32EDBF191B9DD61F00532A9A /* StoreKit.framework in Frameworks */ = {isa = PBXBuildFile; fileRef = 32EDBF181B9DD61F00532A9A /* StoreKit.framework */; };
		32EDBF1B1B9DD63000532A9A /* SystemConfiguration.framework in Frameworks */ = {isa = PBXBuildFile; fileRef = 32EDBF1A1B9DD63000532A9A /* SystemConfiguration.framework */; };
		32EDBF1D1B9DD63E00532A9A /* libz.dylib in Frameworks */ = {isa = PBXBuildFile; fileRef = 32EDBF1C1B9DD63E00532A9A /* libz.dylib */; };
		32EDBF1F1B9DD65600532A9A /* libsqlite3.dylib in Frameworks */ = {isa = PBXBuildFile; fileRef = 32EDBF1E1B9DD65600532A9A /* libsqlite3.dylib */; };
		32EDBF231B9DE16B00532A9A /* ComposeViewController.swift in Sources */ = {isa = PBXBuildFile; fileRef = 32EDBF221B9DE16B00532A9A /* ComposeViewController.swift */; };
		32EDBF281B9DE3A500532A9A /* TweetTableViewCell.swift in Sources */ = {isa = PBXBuildFile; fileRef = 32EDBF261B9DE3A500532A9A /* TweetTableViewCell.swift */; };
		32EDBF291B9DE3A500532A9A /* TweetTableViewCell.xib in Resources */ = {isa = PBXBuildFile; fileRef = 32EDBF271B9DE3A500532A9A /* TweetTableViewCell.xib */; };
		32EDBF2B1B9EAC2E00532A9A /* TimeLineTableViewController.swift in Sources */ = {isa = PBXBuildFile; fileRef = 32EDBF2A1B9EAC2E00532A9A /* TimeLineTableViewController.swift */; };
/* End PBXBuildFile section */

/* Begin PBXContainerItemProxy section */
		32EDBEEE1B9DD2D300532A9A /* PBXContainerItemProxy */ = {
			isa = PBXContainerItemProxy;
			containerPortal = 32EDBED01B9DD2D200532A9A /* Project object */;
			proxyType = 1;
			remoteGlobalIDString = 32EDBED71B9DD2D200532A9A;
			remoteInfo = practiceParse;
		};
/* End PBXContainerItemProxy section */

/* Begin PBXFileReference section */
		32EDBED81B9DD2D200532A9A /* practiceParse.app */ = {isa = PBXFileReference; explicitFileType = wrapper.application; includeInIndex = 0; path = practiceParse.app; sourceTree = BUILT_PRODUCTS_DIR; };
		32EDBEDC1B9DD2D200532A9A /* Info.plist */ = {isa = PBXFileReference; lastKnownFileType = text.plist.xml; path = Info.plist; sourceTree = "<group>"; };
		32EDBEDD1B9DD2D200532A9A /* AppDelegate.swift */ = {isa = PBXFileReference; lastKnownFileType = sourcecode.swift; path = AppDelegate.swift; sourceTree = "<group>"; };
		32EDBEDF1B9DD2D200532A9A /* ViewController.swift */ = {isa = PBXFileReference; lastKnownFileType = sourcecode.swift; path = ViewController.swift; sourceTree = "<group>"; };
		32EDBEE21B9DD2D200532A9A /* Base */ = {isa = PBXFileReference; lastKnownFileType = file.storyboard; name = Base; path = Base.lproj/Main.storyboard; sourceTree = "<group>"; };
		32EDBEE41B9DD2D200532A9A /* Images.xcassets */ = {isa = PBXFileReference; lastKnownFileType = folder.assetcatalog; path = Images.xcassets; sourceTree = "<group>"; };
		32EDBEE71B9DD2D200532A9A /* Base */ = {isa = PBXFileReference; lastKnownFileType = file.xib; name = Base; path = Base.lproj/LaunchScreen.xib; sourceTree = "<group>"; };
		32EDBEED1B9DD2D300532A9A /* practiceParseTests.xctest */ = {isa = PBXFileReference; explicitFileType = wrapper.cfbundle; includeInIndex = 0; path = practiceParseTests.xctest; sourceTree = BUILT_PRODUCTS_DIR; };
		32EDBEF21B9DD2D300532A9A /* Info.plist */ = {isa = PBXFileReference; lastKnownFileType = text.plist.xml; path = Info.plist; sourceTree = "<group>"; };
		32EDBEF31B9DD2D300532A9A /* practiceParseTests.swift */ = {isa = PBXFileReference; lastKnownFileType = sourcecode.swift; path = practiceParseTests.swift; sourceTree = "<group>"; };
		32EDBEFE1B9DD4F100532A9A /* Bolts.framework */ = {isa = PBXFileReference; lastKnownFileType = wrapper.framework; path = Bolts.framework; sourceTree = "<group>"; };
		32EDBEFF1B9DD4F100532A9A /* Parse.framework */ = {isa = PBXFileReference; lastKnownFileType = wrapper.framework; path = Parse.framework; sourceTree = "<group>"; };
		32EDBF001B9DD4F100532A9A /* ParseCrashReporting.framework */ = {isa = PBXFileReference; lastKnownFileType = wrapper.framework; path = ParseCrashReporting.framework; sourceTree = "<group>"; };
		32EDBF011B9DD4F100532A9A /* ParseFacebookUtils.framework */ = {isa = PBXFileReference; lastKnownFileType = wrapper.framework; path = ParseFacebookUtils.framework; sourceTree = "<group>"; };
		32EDBF021B9DD4F100532A9A /* ParseFacebookUtilsV4.framework */ = {isa = PBXFileReference; lastKnownFileType = wrapper.framework; path = ParseFacebookUtilsV4.framework; sourceTree = "<group>"; };
		32EDBF031B9DD4F100532A9A /* ParseTwitterUtils.framework */ = {isa = PBXFileReference; lastKnownFileType = wrapper.framework; path = ParseTwitterUtils.framework; sourceTree = "<group>"; };
		32EDBF041B9DD4F100532A9A /* ParseUI.framework */ = {isa = PBXFileReference; lastKnownFileType = wrapper.framework; path = ParseUI.framework; sourceTree = "<group>"; };
		32EDBF0C1B9DD5C200532A9A /* AudioToolbox.framework */ = {isa = PBXFileReference; lastKnownFileType = wrapper.framework; name = AudioToolbox.framework; path = System/Library/Frameworks/AudioToolbox.framework; sourceTree = SDKROOT; };
		32EDBF0E1B9DD5D800532A9A /* CFNetwork.framework */ = {isa = PBXFileReference; lastKnownFileType = wrapper.framework; name = CFNetwork.framework; path = System/Library/Frameworks/CFNetwork.framework; sourceTree = SDKROOT; };
		32EDBF101B9DD5E400532A9A /* CoreGraphics.framework */ = {isa = PBXFileReference; lastKnownFileType = wrapper.framework; name = CoreGraphics.framework; path = System/Library/Frameworks/CoreGraphics.framework; sourceTree = SDKROOT; };
		32EDBF121B9DD5F200532A9A /* CoreLocation.framework */ = {isa = PBXFileReference; lastKnownFileType = wrapper.framework; name = CoreLocation.framework; path = System/Library/Frameworks/CoreLocation.framework; sourceTree = SDKROOT; };
		32EDBF141B9DD60000532A9A /* QuartzCore.framework */ = {isa = PBXFileReference; lastKnownFileType = wrapper.framework; name = QuartzCore.framework; path = System/Library/Frameworks/QuartzCore.framework; sourceTree = SDKROOT; };
		32EDBF161B9DD61100532A9A /* Security.framework */ = {isa = PBXFileReference; lastKnownFileType = wrapper.framework; name = Security.framework; path = System/Library/Frameworks/Security.framework; sourceTree = SDKROOT; };
		32EDBF181B9DD61F00532A9A /* StoreKit.framework */ = {isa = PBXFileReference; lastKnownFileType = wrapper.framework; name = StoreKit.framework; path = System/Library/Frameworks/StoreKit.framework; sourceTree = SDKROOT; };
		32EDBF1A1B9DD63000532A9A /* SystemConfiguration.framework */ = {isa = PBXFileReference; lastKnownFileType = wrapper.framework; name = SystemConfiguration.framework; path = System/Library/Frameworks/SystemConfiguration.framework; sourceTree = SDKROOT; };
		32EDBF1C1B9DD63E00532A9A /* libz.dylib */ = {isa = PBXFileReference; lastKnownFileType = "compiled.mach-o.dylib"; name = libz.dylib; path = usr/lib/libz.dylib; sourceTree = SDKROOT; };
		32EDBF1E1B9DD65600532A9A /* libsqlite3.dylib */ = {isa = PBXFileReference; lastKnownFileType = "compiled.mach-o.dylib"; name = libsqlite3.dylib; path = usr/lib/libsqlite3.dylib; sourceTree = SDKROOT; };
		32EDBF221B9DE16B00532A9A /* ComposeViewController.swift */ = {isa = PBXFileReference; fileEncoding = 4; lastKnownFileType = sourcecode.swift; path = ComposeViewController.swift; sourceTree = "<group>"; };
		32EDBF261B9DE3A500532A9A /* TweetTableViewCell.swift */ = {isa = PBXFileReference; fileEncoding = 4; lastKnownFileType = sourcecode.swift; name = TweetTableViewCell.swift; path = ../TweetTableViewCell.swift; sourceTree = "<group>"; };
		32EDBF271B9DE3A500532A9A /* TweetTableViewCell.xib */ = {isa = PBXFileReference; fileEncoding = 4; lastKnownFileType = file.xib; name = TweetTableViewCell.xib; path = ../TweetTableViewCell.xib; sourceTree = "<group>"; };
		32EDBF2A1B9EAC2E00532A9A /* TimeLineTableViewController.swift */ = {isa = PBXFileReference; fileEncoding = 4; lastKnownFileType = sourcecode.swift; name = TimeLineTableViewController.swift; path = ../TimeLineTableViewController.swift; sourceTree = "<group>"; };
/* End PBXFileReference section */

/* Begin PBXFrameworksBuildPhase section */
		32EDBED51B9DD2D200532A9A /* Frameworks */ = {
			isa = PBXFrameworksBuildPhase;
			buildActionMask = 2147483647;
			files = (
				32EDBF1F1B9DD65600532A9A /* libsqlite3.dylib in Frameworks */,
				32EDBF1D1B9DD63E00532A9A /* libz.dylib in Frameworks */,
				32EDBF1B1B9DD63000532A9A /* SystemConfiguration.framework in Frameworks */,
				32EDBF191B9DD61F00532A9A /* StoreKit.framework in Frameworks */,
				32EDBF171B9DD61100532A9A /* Security.framework in Frameworks */,
				32EDBF151B9DD60000532A9A /* QuartzCore.framework in Frameworks */,
				32EDBF131B9DD5F200532A9A /* CoreLocation.framework in Frameworks */,
				32EDBF111B9DD5E400532A9A /* CoreGraphics.framework in Frameworks */,
				32EDBF0F1B9DD5D800532A9A /* CFNetwork.framework in Frameworks */,
				32EDBF0D1B9DD5C200532A9A /* AudioToolbox.framework in Frameworks */,
				32EDBF061B9DD4F100532A9A /* Parse.framework in Frameworks */,
				32EDBF071B9DD4F100532A9A /* ParseCrashReporting.framework in Frameworks */,
				32EDBF0B1B9DD4F100532A9A /* ParseUI.framework in Frameworks */,
				32EDBF081B9DD4F100532A9A /* ParseFacebookUtils.framework in Frameworks */,
				32EDBF051B9DD4F100532A9A /* Bolts.framework in Frameworks */,
				32EDBF0A1B9DD4F100532A9A /* ParseTwitterUtils.framework in Frameworks */,
				32EDBF091B9DD4F100532A9A /* ParseFacebookUtilsV4.framework in Frameworks */,
			);
			runOnlyForDeploymentPostprocessing = 0;
		};
		32EDBEEA1B9DD2D300532A9A /* Frameworks */ = {
			isa = PBXFrameworksBuildPhase;
			buildActionMask = 2147483647;
			files = (
			);
			runOnlyForDeploymentPostprocessing = 0;
		};
/* End PBXFrameworksBuildPhase section */

/* Begin PBXGroup section */
		32EDBECF1B9DD2D200532A9A = {
			isa = PBXGroup;
			children = (
				32EDBF1E1B9DD65600532A9A /* libsqlite3.dylib */,
				32EDBF1C1B9DD63E00532A9A /* libz.dylib */,
				32EDBF1A1B9DD63000532A9A /* SystemConfiguration.framework */,
				32EDBF181B9DD61F00532A9A /* StoreKit.framework */,
				32EDBF161B9DD61100532A9A /* Security.framework */,
				32EDBF141B9DD60000532A9A /* QuartzCore.framework */,
				32EDBF121B9DD5F200532A9A /* CoreLocation.framework */,
				32EDBF101B9DD5E400532A9A /* CoreGraphics.framework */,
				32EDBF0E1B9DD5D800532A9A /* CFNetwork.framework */,
				32EDBF0C1B9DD5C200532A9A /* AudioToolbox.framework */,
				32EDBEDA1B9DD2D200532A9A /* practiceParse */,
				32EDBEF01B9DD2D300532A9A /* practiceParseTests */,
				32EDBED91B9DD2D200532A9A /* Products */,
			);
			sourceTree = "<group>";
		};
		32EDBED91B9DD2D200532A9A /* Products */ = {
			isa = PBXGroup;
			children = (
				32EDBED81B9DD2D200532A9A /* practiceParse.app */,
				32EDBEED1B9DD2D300532A9A /* practiceParseTests.xctest */,
			);
			name = Products;
			sourceTree = "<group>";
		};
		32EDBEDA1B9DD2D200532A9A /* practiceParse */ = {
			isa = PBXGroup;
			children = (
				32EDBEFD1B9DD4F100532A9A /* parse-library-1.8.2 */,
				32EDBEDD1B9DD2D200532A9A /* AppDelegate.swift */,
				32EDBEDF1B9DD2D200532A9A /* ViewController.swift */,
				32EDBEE11B9DD2D200532A9A /* Main.storyboard */,
				32EDBF2A1B9EAC2E00532A9A /* TimeLineTableViewController.swift */,
				32EDBF221B9DE16B00532A9A /* ComposeViewController.swift */,
				32EDBF261B9DE3A500532A9A /* TweetTableViewCell.swift */,
				32EDBF271B9DE3A500532A9A /* TweetTableViewCell.xib */,
				32EDBEE41B9DD2D200532A9A /* Images.xcassets */,
				32EDBEE61B9DD2D200532A9A /* LaunchScreen.xib */,
				32EDBEDB1B9DD2D200532A9A /* Supporting Files */,
			);
			path = practiceParse;
			sourceTree = "<group>";
		};
		32EDBEDB1B9DD2D200532A9A /* Supporting Files */ = {
			isa = PBXGroup;
			children = (
				32EDBEDC1B9DD2D200532A9A /* Info.plist */,
			);
			name = "Supporting Files";
			sourceTree = "<group>";
		};
		32EDBEF01B9DD2D300532A9A /* practiceParseTests */ = {
			isa = PBXGroup;
			children = (
				32EDBEF31B9DD2D300532A9A /* practiceParseTests.swift */,
				32EDBEF11B9DD2D300532A9A /* Supporting Files */,
			);
			path = practiceParseTests;
			sourceTree = "<group>";
		};
		32EDBEF11B9DD2D300532A9A /* Supporting Files */ = {
			isa = PBXGroup;
			children = (
				32EDBEF21B9DD2D300532A9A /* Info.plist */,
			);
			name = "Supporting Files";
			sourceTree = "<group>";
		};
		32EDBEFD1B9DD4F100532A9A /* parse-library-1.8.2 */ = {
			isa = PBXGroup;
			children = (
				32EDBEFE1B9DD4F100532A9A /* Bolts.framework */,
				32EDBEFF1B9DD4F100532A9A /* Parse.framework */,
				32EDBF001B9DD4F100532A9A /* ParseCrashReporting.framework */,
				32EDBF011B9DD4F100532A9A /* ParseFacebookUtils.framework */,
				32EDBF021B9DD4F100532A9A /* ParseFacebookUtilsV4.framework */,
				32EDBF031B9DD4F100532A9A /* ParseTwitterUtils.framework */,
				32EDBF041B9DD4F100532A9A /* ParseUI.framework */,
			);
			path = "parse-library-1.8.2";
			sourceTree = "<group>";
		};
/* End PBXGroup section */

/* Begin PBXNativeTarget section */
		32EDBED71B9DD2D200532A9A /* practiceParse */ = {
			isa = PBXNativeTarget;
			buildConfigurationList = 32EDBEF71B9DD2D300532A9A /* Build configuration list for PBXNativeTarget "practiceParse" */;
			buildPhases = (
				32EDBED41B9DD2D200532A9A /* Sources */,
				32EDBED51B9DD2D200532A9A /* Frameworks */,
				32EDBED61B9DD2D200532A9A /* Resources */,
			);
			buildRules = (
			);
			dependencies = (
			);
			name = practiceParse;
			productName = practiceParse;
			productReference = 32EDBED81B9DD2D200532A9A /* practiceParse.app */;
			productType = "com.apple.product-type.application";
		};
		32EDBEEC1B9DD2D300532A9A /* practiceParseTests */ = {
			isa = PBXNativeTarget;
			buildConfigurationList = 32EDBEFA1B9DD2D300532A9A /* Build configuration list for PBXNativeTarget "practiceParseTests" */;
			buildPhases = (
				32EDBEE91B9DD2D300532A9A /* Sources */,
				32EDBEEA1B9DD2D300532A9A /* Frameworks */,
				32EDBEEB1B9DD2D300532A9A /* Resources */,
			);
			buildRules = (
			);
			dependencies = (
				32EDBEEF1B9DD2D300532A9A /* PBXTargetDependency */,
			);
			name = practiceParseTests;
			productName = practiceParseTests;
			productReference = 32EDBEED1B9DD2D300532A9A /* practiceParseTests.xctest */;
			productType = "com.apple.product-type.bundle.unit-test";
		};
/* End PBXNativeTarget section */

/* Begin PBXProject section */
		32EDBED01B9DD2D200532A9A /* Project object */ = {
			isa = PBXProject;
			attributes = {
				LastUpgradeCheck = 0640;
				ORGANIZATIONNAME = "Fumiya Yamanaka";
				TargetAttributes = {
					32EDBED71B9DD2D200532A9A = {
						CreatedOnToolsVersion = 6.4;
					};
					32EDBEEC1B9DD2D300532A9A = {
						CreatedOnToolsVersion = 6.4;
						TestTargetID = 32EDBED71B9DD2D200532A9A;
					};
				};
			};
			buildConfigurationList = 32EDBED31B9DD2D200532A9A /* Build configuration list for PBXProject "practiceParse" */;
			compatibilityVersion = "Xcode 3.2";
			developmentRegion = English;
			hasScannedForEncodings = 0;
			knownRegions = (
				en,
				Base,
			);
			mainGroup = 32EDBECF1B9DD2D200532A9A;
			productRefGroup = 32EDBED91B9DD2D200532A9A /* Products */;
			projectDirPath = "";
			projectRoot = "";
			targets = (
				32EDBED71B9DD2D200532A9A /* practiceParse */,
				32EDBEEC1B9DD2D300532A9A /* practiceParseTests */,
			);
		};
/* End PBXProject section */

/* Begin PBXResourcesBuildPhase section */
		32EDBED61B9DD2D200532A9A /* Resources */ = {
			isa = PBXResourcesBuildPhase;
			buildActionMask = 2147483647;
			files = (
				32EDBEE31B9DD2D200532A9A /* Main.storyboard in Resources */,
				32EDBEE81B9DD2D200532A9A /* LaunchScreen.xib in Resources */,
				32EDBEE51B9DD2D200532A9A /* Images.xcassets in Resources */,
				32EDBF291B9DE3A500532A9A /* TweetTableViewCell.xib in Resources */,
			);
			runOnlyForDeploymentPostprocessing = 0;
		};
		32EDBEEB1B9DD2D300532A9A /* Resources */ = {
			isa = PBXResourcesBuildPhase;
			buildActionMask = 2147483647;
			files = (
			);
			runOnlyForDeploymentPostprocessing = 0;
		};
/* End PBXResourcesBuildPhase section */

/* Begin PBXSourcesBuildPhase section */
		32EDBED41B9DD2D200532A9A /* Sources */ = {
			isa = PBXSourcesBuildPhase;
			buildActionMask = 2147483647;
			files = (
				32EDBF2B1B9EAC2E00532A9A /* TimeLineTableViewController.swift in Sources */,
				32EDBEE01B9DD2D200532A9A /* ViewController.swift in Sources */,
				32EDBEDE1B9DD2D200532A9A /* AppDelegate.swift in Sources */,
				32EDBF281B9DE3A500532A9A /* TweetTableViewCell.swift in Sources */,
				32EDBF231B9DE16B00532A9A /* ComposeViewController.swift in Sources */,
			);
			runOnlyForDeploymentPostprocessing = 0;
		};
		32EDBEE91B9DD2D300532A9A /* Sources */ = {
			isa = PBXSourcesBuildPhase;
			buildActionMask = 2147483647;
			files = (
				32EDBEF41B9DD2D300532A9A /* practiceParseTests.swift in Sources */,
			);
			runOnlyForDeploymentPostprocessing = 0;
		};
/* End PBXSourcesBuildPhase section */

/* Begin PBXTargetDependency section */
		32EDBEEF1B9DD2D300532A9A /* PBXTargetDependency */ = {
			isa = PBXTargetDependency;
			target = 32EDBED71B9DD2D200532A9A /* practiceParse */;
			targetProxy = 32EDBEEE1B9DD2D300532A9A /* PBXContainerItemProxy */;
		};
/* End PBXTargetDependency section */

/* Begin PBXVariantGroup section */
		32EDBEE11B9DD2D200532A9A /* Main.storyboard */ = {
			isa = PBXVariantGroup;
			children = (
				32EDBEE21B9DD2D200532A9A /* Base */,
			);
			name = Main.storyboard;
			sourceTree = "<group>";
		};
		32EDBEE61B9DD2D200532A9A /* LaunchScreen.xib */ = {
			isa = PBXVariantGroup;
			children = (
				32EDBEE71B9DD2D200532A9A /* Base */,
			);
			name = LaunchScreen.xib;
			sourceTree = "<group>";
		};
/* End PBXVariantGroup section */

/* Begin XCBuildConfiguration section */
		32EDBEF51B9DD2D300532A9A /* Debug */ = {
			isa = XCBuildConfiguration;
			buildSettings = {
				ALWAYS_SEARCH_USER_PATHS = NO;
				CLANG_CXX_LANGUAGE_STANDARD = "gnu++0x";
				CLANG_CXX_LIBRARY = "libc++";
				CLANG_ENABLE_MODULES = YES;
				CLANG_ENABLE_OBJC_ARC = YES;
				CLANG_WARN_BOOL_CONVERSION = YES;
				CLANG_WARN_CONSTANT_CONVERSION = YES;
				CLANG_WARN_DIRECT_OBJC_ISA_USAGE = YES_ERROR;
				CLANG_WARN_EMPTY_BODY = YES;
				CLANG_WARN_ENUM_CONVERSION = YES;
				CLANG_WARN_INT_CONVERSION = YES;
				CLANG_WARN_OBJC_ROOT_CLASS = YES_ERROR;
				CLANG_WARN_UNREACHABLE_CODE = YES;
				CLANG_WARN__DUPLICATE_METHOD_MATCH = YES;
				"CODE_SIGN_IDENTITY[sdk=iphoneos*]" = "iPhone Developer";
				COPY_PHASE_STRIP = NO;
				DEBUG_INFORMATION_FORMAT = "dwarf-with-dsym";
				ENABLE_STRICT_OBJC_MSGSEND = YES;
				GCC_C_LANGUAGE_STANDARD = gnu99;
				GCC_DYNAMIC_NO_PIC = NO;
				GCC_NO_COMMON_BLOCKS = YES;
				GCC_OPTIMIZATION_LEVEL = 0;
				GCC_PREPROCESSOR_DEFINITIONS = (
					"DEBUG=1",
					"$(inherited)",
				);
				GCC_SYMBOLS_PRIVATE_EXTERN = NO;
				GCC_WARN_64_TO_32_BIT_CONVERSION = YES;
				GCC_WARN_ABOUT_RETURN_TYPE = YES_ERROR;
				GCC_WARN_UNDECLARED_SELECTOR = YES;
				GCC_WARN_UNINITIALIZED_AUTOS = YES_AGGRESSIVE;
				GCC_WARN_UNUSED_FUNCTION = YES;
				GCC_WARN_UNUSED_VARIABLE = YES;
				IPHONEOS_DEPLOYMENT_TARGET = 8.4;
				MTL_ENABLE_DEBUG_INFO = YES;
				ONLY_ACTIVE_ARCH = YES;
				SDKROOT = iphoneos;
				SWIFT_OPTIMIZATION_LEVEL = "-Onone";
			};
			name = Debug;
		};
		32EDBEF61B9DD2D300532A9A /* Release */ = {
			isa = XCBuildConfiguration;
			buildSettings = {
				ALWAYS_SEARCH_USER_PATHS = NO;
				CLANG_CXX_LANGUAGE_STANDARD = "gnu++0x";
				CLANG_CXX_LIBRARY = "libc++";
				CLANG_ENABLE_MODULES = YES;
				CLANG_ENABLE_OBJC_ARC = YES;
				CLANG_WARN_BOOL_CONVERSION = YES;
				CLANG_WARN_CONSTANT_CONVERSION = YES;
				CLANG_WARN_DIRECT_OBJC_ISA_USAGE = YES_ERROR;
				CLANG_WARN_EMPTY_BODY = YES;
				CLANG_WARN_ENUM_CONVERSION = YES;
				CLANG_WARN_INT_CONVERSION = YES;
				CLANG_WARN_OBJC_ROOT_CLASS = YES_ERROR;
				CLANG_WARN_UNREACHABLE_CODE = YES;
				CLANG_WARN__DUPLICATE_METHOD_MATCH = YES;
				"CODE_SIGN_IDENTITY[sdk=iphoneos*]" = "iPhone Developer";
				COPY_PHASE_STRIP = NO;
				DEBUG_INFORMATION_FORMAT = "dwarf-with-dsym";
				ENABLE_NS_ASSERTIONS = NO;
				ENABLE_STRICT_OBJC_MSGSEND = YES;
				GCC_C_LANGUAGE_STANDARD = gnu99;
				GCC_NO_COMMON_BLOCKS = YES;
				GCC_WARN_64_TO_32_BIT_CONVERSION = YES;
				GCC_WARN_ABOUT_RETURN_TYPE = YES_ERROR;
				GCC_WARN_UNDECLARED_SELECTOR = YES;
				GCC_WARN_UNINITIALIZED_AUTOS = YES_AGGRESSIVE;
				GCC_WARN_UNUSED_FUNCTION = YES;
				GCC_WARN_UNUSED_VARIABLE = YES;
				IPHONEOS_DEPLOYMENT_TARGET = 8.4;
				MTL_ENABLE_DEBUG_INFO = NO;
				SDKROOT = iphoneos;
				VALIDATE_PRODUCT = YES;
			};
			name = Release;
		};
		32EDBEF81B9DD2D300532A9A /* Debug */ = {
			isa = XCBuildConfiguration;
			buildSettings = {
				ASSETCATALOG_COMPILER_APPICON_NAME = AppIcon;
				FRAMEWORK_SEARCH_PATHS = (
					"$(inherited)",
					"$(PROJECT_DIR)/practiceParse/parse-library-1.8.2",
				);
				INFOPLIST_FILE = practiceParse/Info.plist;
				LD_RUNPATH_SEARCH_PATHS = "$(inherited) @executable_path/Frameworks";
				PRODUCT_NAME = "$(TARGET_NAME)";
			};
			name = Debug;
		};
		32EDBEF91B9DD2D300532A9A /* Release */ = {
			isa = XCBuildConfiguration;
			buildSettings = {
				ASSETCATALOG_COMPILER_APPICON_NAME = AppIcon;
				FRAMEWORK_SEARCH_PATHS = (
					"$(inherited)",
					"$(PROJECT_DIR)/practiceParse/parse-library-1.8.2",
				);
				INFOPLIST_FILE = practiceParse/Info.plist;
				LD_RUNPATH_SEARCH_PATHS = "$(inherited) @executable_path/Frameworks";
				PRODUCT_NAME = "$(TARGET_NAME)";
			};
			name = Release;
		};
		32EDBEFB1B9DD2D300532A9A /* Debug */ = {
			isa = XCBuildConfiguration;
			buildSettings = {
				BUNDLE_LOADER = "$(TEST_HOST)";
				FRAMEWORK_SEARCH_PATHS = (
					"$(SDKROOT)/Developer/Library/Frameworks",
					"$(inherited)",
				);
				GCC_PREPROCESSOR_DEFINITIONS = (
					"DEBUG=1",
					"$(inherited)",
				);
				INFOPLIST_FILE = practiceParseTests/Info.plist;
				LD_RUNPATH_SEARCH_PATHS = "$(inherited) @executable_path/Frameworks @loader_path/Frameworks";
				PRODUCT_NAME = "$(TARGET_NAME)";
				TEST_HOST = "$(BUILT_PRODUCTS_DIR)/practiceParse.app/practiceParse";
			};
			name = Debug;
		};
		32EDBEFC1B9DD2D300532A9A /* Release */ = {
			isa = XCBuildConfiguration;
			buildSettings = {
				BUNDLE_LOADER = "$(TEST_HOST)";
				FRAMEWORK_SEARCH_PATHS = (
					"$(SDKROOT)/Developer/Library/Frameworks",
					"$(inherited)",
				);
				INFOPLIST_FILE = practiceParseTests/Info.plist;
				LD_RUNPATH_SEARCH_PATHS = "$(inherited) @executable_path/Frameworks @loader_path/Frameworks";
				PRODUCT_NAME = "$(TARGET_NAME)";
				TEST_HOST = "$(BUILT_PRODUCTS_DIR)/practiceParse.app/practiceParse";
			};
			name = Release;
		};
/* End XCBuildConfiguration section */

/* Begin XCConfigurationList section */
		32EDBED31B9DD2D200532A9A /* Build configuration list for PBXProject "practiceParse" */ = {
			isa = XCConfigurationList;
			buildConfigurations = (
				32EDBEF51B9DD2D300532A9A /* Debug */,
				32EDBEF61B9DD2D300532A9A /* Release */,
			);
			defaultConfigurationIsVisible = 0;
			defaultConfigurationName = Release;
		};
		32EDBEF71B9DD2D300532A9A /* Build configuration list for PBXNativeTarget "practiceParse" */ = {
			isa = XCConfigurationList;
			buildConfigurations = (
				32EDBEF81B9DD2D300532A9A /* Debug */,
				32EDBEF91B9DD2D300532A9A /* Release */,
			);
			defaultConfigurationIsVisible = 0;
		};
		32EDBEFA1B9DD2D300532A9A /* Build configuration list for PBXNativeTarget "practiceParseTests" */ = {
			isa = XCConfigurationList;
			buildConfigurations = (
				32EDBEFB1B9DD2D300532A9A /* Debug */,
				32EDBEFC1B9DD2D300532A9A /* Release */,
			);
			defaultConfigurationIsVisible = 0;
		};
/* End XCConfigurationList section */
	};
	rootObject = 32EDBED01B9DD2D200532A9A /* Project object */;
}
